{
    "_readme": [
        "This file locks the dependencies of your project to a known state",
        "Read more about it at https://getcomposer.org/doc/01-basic-usage.md#installing-dependencies",
        "This file is @generated automatically"
    ],
    "content-hash": "41e703dcec75ee413438fe3c562c7fc9",
    "packages": [
        {
            "name": "blockchaininstitute/did-resolver",
            "version": "dev-master",
            "source": {
                "type": "git",
                "url": "https://github.com/BlockchainInstituteChi/php-did-resolver.git",
                "reference": "9e07fb13252a740fe6d6b5bef64777255e18be5c"
            },
            "dist": {
                "type": "zip",
                "url": "https://api.github.com/repos/BlockchainInstituteChi/php-did-resolver/zipball/9e07fb13252a740fe6d6b5bef64777255e18be5c",
                "reference": "9e07fb13252a740fe6d6b5bef64777255e18be5c",
                "shasum": ""
            },
            "require": {
                "php": "^5.6|^7.0"
            },
            "require-dev": {
                "tuupola/base58": "^0.4.0"
            },
            "suggest": {
                "ext-gmp": "GMP extension provides the fastest encoding and decoding."
            },
            "type": "library",
            "autoload": {
                "psr-4": {
                    "Blockchaininstitute\\": "src"
                }
            },
            "license": [
                "MIT"
            ],
            "authors": [
                {
                    "name": "Alexander Morris",
                    "email": "alex@theblockchaininstitute.org",
                    "homepage": "http://theblockchaininstitute.org/",
                    "role": "Developer"
                }
            ],
            "description": "This module provides a solution for resolving decentralized IDs (DIDs) with PHP.",
            "homepage": "https://theblockchaininstitute.org/",
            "keywords": [
                "decentralized",
                "did",
                "uport",
                "web3"
            ],
            "support": {
                "source": "https://github.com/BlockchainInstituteChi/php-did-resolver/tree/master",
                "issues": "https://github.com/BlockchainInstituteChi/php-did-resolver/issues"
            },
            "time": "2019-03-19T21:45:59+00:00"
        },
        {
            "name": "tuupola/base58",
            "version": "0.4.0",
            "source": {
                "type": "git",
                "url": "https://github.com/tuupola/base58.git",
                "reference": "39b69ed50fa2fc1a830d29e210ce00bf46696d4a"
            },
            "dist": {
                "type": "zip",
                "url": "https://api.github.com/repos/tuupola/base58/zipball/39b69ed50fa2fc1a830d29e210ce00bf46696d4a",
                "reference": "39b69ed50fa2fc1a830d29e210ce00bf46696d4a",
                "shasum": ""
            },
            "require": {
                "php": "^5.6|^7.0"
            },
            "require-dev": {
                "overtrue/phplint": "^0.2.4",
                "paragonie/random_compat": "^2.0",
                "phpbench/phpbench": "^0.13.0",
                "phpunit/phpunit": "^5.0|^6.0|^7.0",
                "squizlabs/php_codesniffer": "^2.5"
            },
            "suggest": {
                "ext-gmp": "GMP extension provides the fastest encoding and decoding."
            },
            "type": "library",
            "autoload": {
                "psr-4": {
                    "Tuupola\\": "src"
                }
            },
            "notification-url": "https://packagist.org/downloads/",
            "license": [
                "MIT"
            ],
            "authors": [
                {
                    "name": "Mika Tuupola",
                    "email": "tuupola@appelsiini.net",
                    "homepage": "https://appelsiini.net/",
                    "role": "Developer"
                }
            ],
            "description": "Base58 encoder and decoder for arbitrary data",
            "homepage": "https://github.com/tuupola/base58",
            "keywords": [
                "base58"
            ],
            "time": "2019-01-30T16:53:38+00:00"
        }
    ],
    "packages-dev": [],
    "aliases": [],
    "minimum-stability": "dev",
    "stability-flags": [],
    "prefer-stable": false,
    "prefer-lowest": false,
    "platform": [],
    "platform-dev": []
}
